github.com/dolthub/maphash v0.1.0 h1:bsQ7JsF4FkkWyrP3oCnFJgrCUAFbFf3kOl4L/QxPDyQ=
github.com/dolthub/maphash v0.1.0/go.mod h1:gkg4Ch4CdCDu5h6PMriVLawB7koZ+5ijb9puGMV50a4=
github.com/dunglas/frankenphp v1.2.1 h1:jd1MC8rLOy8jxRse6N0Z+8L6hO26ho+ChJbBKvmUrCg=
github.com/dunglas/frankenphp v1.2.1/go.mod h1:iWYHh4I0O55Q/d0VrD9/JPmpYiAgr79a4AACg1WI81Q=
github.com/gammazero/deque v0.2.1 h1:qSdsbG6pgp6nL7A0+K/B7s12mcCY/5l5SIUpMOl+dC0=
github.com/gammazero/deque v0.2.1/go.mod h1:LFroj8x4cMYCukHJDbxFCkT+r9AndaJnFMuZDV34tuU=
github.com/maypok86/otter v1.2.1 h1:xyvMW+t0vE1sKt/++GTkznLitEl7D/msqXkAbLwiC1M=
github.com/maypok86/otter v1.2.1/go.mod h1:mKLfoI7v1HOmQMwFgX4QkRk23mX6ge3RDvjdHOWG4R4=
go.uber.org/multierr v1.11.0 h1:blXXJkSxSSfBVBlC76pxqeO+LN3aDfLQo+309xJstO0=
go.uber.org/multierr v1.11.0/go.mod h1:20+QtiLqy0Nd6FdQB9TLXag12DsQkrbs3htMFfDN80Y=
go.uber.org/zap v1.27.0 h1:aJMhYGrd5QSmlpLMr2MftRKl7t8J8PTZPA732ud/XR8=
go.uber.org/zap v1.27.0/go.mod h1:GB2qFLM7cTU87MWRP2mPIjqfIDnGu+VIO4V/SdhGo2E=
